<?xml version="1.0" encoding="UTF-8"?>
<!DOCTYPE plist PUBLIC "-//Apple//DTD PLIST 1.0//EN" "http://www.apple.com/DTDs/PropertyList-1.0.dtd">
<plist version="1.0">
<dict>
	<key>archiveVersion</key>
	<string>1</string>
	<key>classes</key>
	<dict/>
	<key>objectVersion</key>
	<string>46</string>
	<key>objects</key>
	<dict>
		<key>017F3D27270346F381305588</key>
		<dict>
			<key>includeInIndex</key>
			<string>1</string>
			<key>isa</key>
			<string>PBXFileReference</string>
			<key>lastKnownFileType</key>
			<string>text.xcconfig</string>
			<key>name</key>
			<string>Pods-CodePath-Week1.xcconfig</string>
			<key>path</key>
			<string>Pods/Pods-CodePath-Week1.xcconfig</string>
			<key>sourceTree</key>
			<string>&lt;group&gt;</string>
		</dict>
		<key>0F25AE1648E041A4AFA6BEC4</key>
		<dict>
			<key>buildActionMask</key>
			<string>2147483647</string>
			<key>files</key>
			<array/>
			<key>inputPaths</key>
			<array/>
			<key>isa</key>
			<string>PBXShellScriptBuildPhase</string>
			<key>name</key>
			<string>Copy Pods Resources</string>
			<key>outputPaths</key>
			<array/>
			<key>runOnlyForDeploymentPostprocessing</key>
			<string>0</string>
			<key>shellPath</key>
			<string>/bin/sh</string>
			<key>shellScript</key>
			<string>"${SRCROOT}/Pods/Pods-CodePath-Week1-resources.sh"
</string>
			<key>showEnvVarsInLog</key>
			<string>0</string>
		</dict>
		<key>113258051A1040DB9F46A4EE</key>
		<dict>
			<key>fileRef</key>
			<string>5AEBCAE3B9274B798607F6A2</string>
			<key>isa</key>
			<string>PBXBuildFile</string>
		</dict>
		<key>5AEBCAE3B9274B798607F6A2</key>
		<dict>
			<key>explicitFileType</key>
			<string>archive.ar</string>
			<key>includeInIndex</key>
			<string>0</string>
			<key>isa</key>
			<string>PBXFileReference</string>
			<key>path</key>
			<string>libPods-CodePath-Week1.a</string>
			<key>sourceTree</key>
			<string>BUILT_PRODUCTS_DIR</string>
		</dict>
		<key>B075197219414F3E005C76AE</key>
		<dict>
			<key>children</key>
			<array>
				<string>B075198419414F3E005C76AE</string>
				<string>B075199D19414F3E005C76AE</string>
				<string>B075197D19414F3E005C76AE</string>
				<string>B075197C19414F3E005C76AE</string>
				<string>017F3D27270346F381305588</string>
			</array>
			<key>isa</key>
			<string>PBXGroup</string>
			<key>sourceTree</key>
			<string>&lt;group&gt;</string>
		</dict>
		<key>B075197319414F3E005C76AE</key>
		<dict>
			<key>attributes</key>
			<dict>
				<key>LastUpgradeCheck</key>
				<string>0510</string>
				<key>ORGANIZATIONNAME</key>
				<string>Joey Hiller</string>
				<key>TargetAttributes</key>
				<dict>
					<key>B075197A19414F3E005C76AE</key>
					<dict>
						<key>DevelopmentTeam</key>
						<string>6TB4W2SNPJ</string>
					</dict>
					<key>B075199519414F3E005C76AE</key>
					<dict>
						<key>TestTargetID</key>
						<string>B075197A19414F3E005C76AE</string>
					</dict>
				</dict>
			</dict>
			<key>buildConfigurationList</key>
			<string>B075197619414F3E005C76AE</string>
			<key>compatibilityVersion</key>
			<string>Xcode 3.2</string>
			<key>developmentRegion</key>
			<string>English</string>
			<key>hasScannedForEncodings</key>
			<string>0</string>
			<key>isa</key>
			<string>PBXProject</string>
			<key>knownRegions</key>
			<array>
				<string>en</string>
			</array>
			<key>mainGroup</key>
			<string>B075197219414F3E005C76AE</string>
			<key>productRefGroup</key>
			<string>B075197C19414F3E005C76AE</string>
			<key>projectDirPath</key>
			<string></string>
			<key>projectReferences</key>
			<array/>
			<key>projectRoot</key>
			<string></string>
			<key>targets</key>
			<array>
				<string>B075197A19414F3E005C76AE</string>
				<string>B075199519414F3E005C76AE</string>
			</array>
		</dict>
		<key>B075197619414F3E005C76AE</key>
		<dict>
			<key>buildConfigurations</key>
			<array>
				<string>B07519A519414F3E005C76AE</string>
				<string>B07519A619414F3E005C76AE</string>
			</array>
			<key>defaultConfigurationIsVisible</key>
			<string>0</string>
			<key>defaultConfigurationName</key>
			<string>Release</string>
			<key>isa</key>
			<string>XCConfigurationList</string>
		</dict>
		<key>B075197719414F3E005C76AE</key>
		<dict>
			<key>buildActionMask</key>
			<string>2147483647</string>
			<key>files</key>
			<array>
				<string>B075198F19414F3E005C76AE</string>
				<string>B075198B19414F3E005C76AE</string>
				<string>B07519B0194152EC005C76AE</string>
			</array>
			<key>isa</key>
			<string>PBXSourcesBuildPhase</string>
			<key>runOnlyForDeploymentPostprocessing</key>
			<string>0</string>
		</dict>
		<key>B075197819414F3E005C76AE</key>
		<dict>
			<key>buildActionMask</key>
			<string>2147483647</string>
			<key>files</key>
			<array>
				<string>B075198119414F3E005C76AE</string>
				<string>B075198319414F3E005C76AE</string>
				<string>B075197F19414F3E005C76AE</string>
				<string>113258051A1040DB9F46A4EE</string>
			</array>
			<key>isa</key>
			<string>PBXFrameworksBuildPhase</string>
			<key>runOnlyForDeploymentPostprocessing</key>
			<string>0</string>
		</dict>
		<key>B075197919414F3E005C76AE</key>
		<dict>
			<key>buildActionMask</key>
			<string>2147483647</string>
			<key>files</key>
			<array>
				<string>B075198919414F3E005C76AE</string>
				<string>B075199119414F3E005C76AE</string>
				<string>B07519B1194152EC005C76AE</string>
			</array>
			<key>isa</key>
			<string>PBXResourcesBuildPhase</string>
			<key>runOnlyForDeploymentPostprocessing</key>
			<string>0</string>
		</dict>
		<key>B075197A19414F3E005C76AE</key>
		<dict>
			<key>buildConfigurationList</key>
			<string>B07519A719414F3E005C76AE</string>
			<key>buildPhases</key>
			<array>
				<string>CB9D4F37DAFB461E94AEF791</string>
				<string>B075197719414F3E005C76AE</string>
				<string>B075197819414F3E005C76AE</string>
				<string>B075197919414F3E005C76AE</string>
				<string>0F25AE1648E041A4AFA6BEC4</string>
			</array>
			<key>buildRules</key>
			<array/>
			<key>dependencies</key>
			<array/>
			<key>isa</key>
			<string>PBXNativeTarget</string>
			<key>name</key>
			<string>CodePath-Week1</string>
			<key>productName</key>
			<string>CodePath-Week1</string>
			<key>productReference</key>
			<string>B075197B19414F3E005C76AE</string>
			<key>productType</key>
			<string>com.apple.product-type.application</string>
		</dict>
		<key>B075197B19414F3E005C76AE</key>
		<dict>
			<key>explicitFileType</key>
			<string>wrapper.application</string>
			<key>includeInIndex</key>
			<string>0</string>
			<key>isa</key>
			<string>PBXFileReference</string>
			<key>path</key>
			<string>CodePath-Week1.app</string>
			<key>sourceTree</key>
			<string>BUILT_PRODUCTS_DIR</string>
		</dict>
		<key>B075197C19414F3E005C76AE</key>
		<dict>
			<key>children</key>
			<array>
				<string>B075197B19414F3E005C76AE</string>
				<string>B075199619414F3E005C76AE</string>
			</array>
			<key>isa</key>
			<string>PBXGroup</string>
			<key>name</key>
			<string>Products</string>
			<key>sourceTree</key>
			<string>&lt;group&gt;</string>
		</dict>
		<key>B075197D19414F3E005C76AE</key>
		<dict>
			<key>children</key>
			<array>
				<string>B075197E19414F3E005C76AE</string>
				<string>B075198019414F3E005C76AE</string>
				<string>B075198219414F3E005C76AE</string>
				<string>B075199719414F3E005C76AE</string>
				<string>5AEBCAE3B9274B798607F6A2</string>
			</array>
			<key>isa</key>
			<string>PBXGroup</string>
			<key>name</key>
			<string>Frameworks</string>
			<key>sourceTree</key>
			<string>&lt;group&gt;</string>
		</dict>
		<key>B075197E19414F3E005C76AE</key>
		<dict>
			<key>isa</key>
			<string>PBXFileReference</string>
			<key>lastKnownFileType</key>
			<string>wrapper.framework</string>
			<key>name</key>
			<string>Foundation.framework</string>
			<key>path</key>
			<string>System/Library/Frameworks/Foundation.framework</string>
			<key>sourceTree</key>
			<string>SDKROOT</string>
		</dict>
		<key>B075197F19414F3E005C76AE</key>
		<dict>
			<key>fileRef</key>
			<string>B075197E19414F3E005C76AE</string>
			<key>isa</key>
			<string>PBXBuildFile</string>
		</dict>
		<key>B075198019414F3E005C76AE</key>
		<dict>
			<key>isa</key>
			<string>PBXFileReference</string>
			<key>lastKnownFileType</key>
			<string>wrapper.framework</string>
			<key>name</key>
			<string>CoreGraphics.framework</string>
			<key>path</key>
			<string>System/Library/Frameworks/CoreGraphics.framework</string>
			<key>sourceTree</key>
			<string>SDKROOT</string>
		</dict>
		<key>B075198119414F3E005C76AE</key>
		<dict>
			<key>fileRef</key>
			<string>B075198019414F3E005C76AE</string>
			<key>isa</key>
			<string>PBXBuildFile</string>
		</dict>
		<key>B075198219414F3E005C76AE</key>
		<dict>
			<key>isa</key>
			<string>PBXFileReference</string>
			<key>lastKnownFileType</key>
			<string>wrapper.framework</string>
			<key>name</key>
			<string>UIKit.framework</string>
			<key>path</key>
			<string>System/Library/Frameworks/UIKit.framework</string>
			<key>sourceTree</key>
			<string>SDKROOT</string>
		</dict>
		<key>B075198319414F3E005C76AE</key>
		<dict>
			<key>fileRef</key>
			<string>B075198219414F3E005C76AE</string>
			<key>isa</key>
			<string>PBXBuildFile</string>
		</dict>
		<key>B075198419414F3E005C76AE</key>
		<dict>
			<key>children</key>
			<array>
				<string>B07519AD194152EC005C76AE</string>
				<string>B07519AE194152EC005C76AE</string>
				<string>B07519AF194152EC005C76AE</string>
				<string>B075198D19414F3E005C76AE</string>
				<string>B075198E19414F3E005C76AE</string>
				<string>B075199019414F3E005C76AE</string>
				<string>B075198519414F3E005C76AE</string>
			</array>
			<key>isa</key>
			<string>PBXGroup</string>
			<key>path</key>
			<string>CodePath-Week1</string>
			<key>sourceTree</key>
			<string>&lt;group&gt;</string>
		</dict>
		<key>B075198519414F3E005C76AE</key>
		<dict>
			<key>children</key>
			<array>
				<string>B075198619414F3E005C76AE</string>
				<string>B075198719414F3E005C76AE</string>
				<string>B075198A19414F3E005C76AE</string>
				<string>B075198C19414F3E005C76AE</string>
			</array>
			<key>isa</key>
			<string>PBXGroup</string>
			<key>name</key>
			<string>Supporting Files</string>
			<key>sourceTree</key>
			<string>&lt;group&gt;</string>
		</dict>
		<key>B075198619414F3E005C76AE</key>
		<dict>
			<key>isa</key>
			<string>PBXFileReference</string>
			<key>lastKnownFileType</key>
			<string>text.plist.xml</string>
			<key>path</key>
			<string>CodePath-Week1-Info.plist</string>
			<key>sourceTree</key>
			<string>&lt;group&gt;</string>
		</dict>
		<key>B075198719414F3E005C76AE</key>
		<dict>
			<key>children</key>
			<array>
				<string>B075198819414F3E005C76AE</string>
			</array>
			<key>isa</key>
			<string>PBXVariantGroup</string>
			<key>name</key>
			<string>InfoPlist.strings</string>
			<key>sourceTree</key>
			<string>&lt;group&gt;</string>
		</dict>
		<key>B075198819414F3E005C76AE</key>
		<dict>
			<key>isa</key>
			<string>PBXFileReference</string>
			<key>lastKnownFileType</key>
			<string>text.plist.strings</string>
			<key>name</key>
			<string>en</string>
			<key>path</key>
			<string>en.lproj/InfoPlist.strings</string>
			<key>sourceTree</key>
			<string>&lt;group&gt;</string>
		</dict>
		<key>B075198919414F3E005C76AE</key>
		<dict>
			<key>fileRef</key>
			<string>B075198719414F3E005C76AE</string>
			<key>isa</key>
			<string>PBXBuildFile</string>
		</dict>
		<key>B075198A19414F3E005C76AE</key>
		<dict>
			<key>isa</key>
			<string>PBXFileReference</string>
			<key>lastKnownFileType</key>
			<string>sourcecode.c.objc</string>
			<key>path</key>
			<string>main.m</string>
			<key>sourceTree</key>
			<string>&lt;group&gt;</string>
		</dict>
		<key>B075198B19414F3E005C76AE</key>
		<dict>
			<key>fileRef</key>
			<string>B075198A19414F3E005C76AE</string>
			<key>isa</key>
			<string>PBXBuildFile</string>
		</dict>
		<key>B075198C19414F3E005C76AE</key>
		<dict>
			<key>isa</key>
			<string>PBXFileReference</string>
			<key>lastKnownFileType</key>
			<string>sourcecode.c.h</string>
			<key>path</key>
			<string>CodePath-Week1-Prefix.pch</string>
			<key>sourceTree</key>
			<string>&lt;group&gt;</string>
		</dict>
		<key>B075198D19414F3E005C76AE</key>
		<dict>
			<key>isa</key>
			<string>PBXFileReference</string>
			<key>lastKnownFileType</key>
			<string>sourcecode.c.h</string>
			<key>path</key>
			<string>AppDelegate.h</string>
			<key>sourceTree</key>
			<string>&lt;group&gt;</string>
		</dict>
		<key>B075198E19414F3E005C76AE</key>
		<dict>
			<key>isa</key>
			<string>PBXFileReference</string>
			<key>lastKnownFileType</key>
			<string>sourcecode.c.objc</string>
			<key>path</key>
			<string>AppDelegate.m</string>
			<key>sourceTree</key>
			<string>&lt;group&gt;</string>
		</dict>
		<key>B075198F19414F3E005C76AE</key>
		<dict>
			<key>fileRef</key>
			<string>B075198E19414F3E005C76AE</string>
			<key>isa</key>
			<string>PBXBuildFile</string>
		</dict>
		<key>B075199019414F3E005C76AE</key>
		<dict>
			<key>isa</key>
			<string>PBXFileReference</string>
			<key>lastKnownFileType</key>
			<string>folder.assetcatalog</string>
			<key>path</key>
			<string>Images.xcassets</string>
			<key>sourceTree</key>
			<string>&lt;group&gt;</string>
		</dict>
		<key>B075199119414F3E005C76AE</key>
		<dict>
			<key>fileRef</key>
			<string>B075199019414F3E005C76AE</string>
			<key>isa</key>
			<string>PBXBuildFile</string>
		</dict>
		<key>B075199219414F3E005C76AE</key>
		<dict>
			<key>buildActionMask</key>
			<string>2147483647</string>
			<key>files</key>
			<array>
				<string>B07519A419414F3E005C76AE</string>
			</array>
			<key>isa</key>
			<string>PBXSourcesBuildPhase</string>
			<key>runOnlyForDeploymentPostprocessing</key>
			<string>0</string>
		</dict>
		<key>B075199319414F3E005C76AE</key>
		<dict>
			<key>buildActionMask</key>
			<string>2147483647</string>
			<key>files</key>
			<array>
				<string>B075199819414F3E005C76AE</string>
				<string>B075199A19414F3E005C76AE</string>
				<string>B075199919414F3E005C76AE</string>
			</array>
			<key>isa</key>
			<string>PBXFrameworksBuildPhase</string>
			<key>runOnlyForDeploymentPostprocessing</key>
			<string>0</string>
		</dict>
		<key>B075199419414F3E005C76AE</key>
		<dict>
			<key>buildActionMask</key>
			<string>2147483647</string>
			<key>files</key>
			<array>
				<string>B07519A219414F3E005C76AE</string>
			</array>
			<key>isa</key>
			<string>PBXResourcesBuildPhase</string>
			<key>runOnlyForDeploymentPostprocessing</key>
			<string>0</string>
		</dict>
		<key>B075199519414F3E005C76AE</key>
		<dict>
			<key>buildConfigurationList</key>
			<string>B07519AA19414F3E005C76AE</string>
			<key>buildPhases</key>
			<array>
				<string>B075199219414F3E005C76AE</string>
				<string>B075199319414F3E005C76AE</string>
				<string>B075199419414F3E005C76AE</string>
			</array>
			<key>buildRules</key>
			<array/>
			<key>dependencies</key>
			<array>
				<string>B075199C19414F3E005C76AE</string>
			</array>
			<key>isa</key>
			<string>PBXNativeTarget</string>
			<key>name</key>
			<string>CodePath-Week1Tests</string>
			<key>productName</key>
			<string>CodePath-Week1Tests</string>
			<key>productReference</key>
			<string>B075199619414F3E005C76AE</string>
			<key>productType</key>
			<string>com.apple.product-type.bundle.unit-test</string>
		</dict>
		<key>B075199619414F3E005C76AE</key>
		<dict>
			<key>explicitFileType</key>
			<string>wrapper.cfbundle</string>
			<key>includeInIndex</key>
			<string>0</string>
			<key>isa</key>
			<string>PBXFileReference</string>
			<key>path</key>
			<string>CodePath-Week1Tests.xctest</string>
			<key>sourceTree</key>
			<string>BUILT_PRODUCTS_DIR</string>
		</dict>
		<key>B075199719414F3E005C76AE</key>
		<dict>
			<key>isa</key>
			<string>PBXFileReference</string>
			<key>lastKnownFileType</key>
			<string>wrapper.framework</string>
			<key>name</key>
			<string>XCTest.framework</string>
			<key>path</key>
			<string>Library/Frameworks/XCTest.framework</string>
			<key>sourceTree</key>
			<string>DEVELOPER_DIR</string>
		</dict>
		<key>B075199819414F3E005C76AE</key>
		<dict>
			<key>fileRef</key>
			<string>B075199719414F3E005C76AE</string>
			<key>isa</key>
			<string>PBXBuildFile</string>
		</dict>
		<key>B075199919414F3E005C76AE</key>
		<dict>
			<key>fileRef</key>
			<string>B075197E19414F3E005C76AE</string>
			<key>isa</key>
			<string>PBXBuildFile</string>
		</dict>
		<key>B075199A19414F3E005C76AE</key>
		<dict>
			<key>fileRef</key>
			<string>B075198219414F3E005C76AE</string>
			<key>isa</key>
			<string>PBXBuildFile</string>
		</dict>
		<key>B075199B19414F3E005C76AE</key>
		<dict>
			<key>containerPortal</key>
			<string>B075197319414F3E005C76AE</string>
			<key>isa</key>
			<string>PBXContainerItemProxy</string>
			<key>proxyType</key>
			<string>1</string>
			<key>remoteGlobalIDString</key>
			<string>B075197A19414F3E005C76AE</string>
			<key>remoteInfo</key>
			<string>CodePath-Week1</string>
		</dict>
		<key>B075199C19414F3E005C76AE</key>
		<dict>
			<key>isa</key>
			<string>PBXTargetDependency</string>
			<key>target</key>
			<string>B075197A19414F3E005C76AE</string>
			<key>targetProxy</key>
			<string>B075199B19414F3E005C76AE</string>
		</dict>
		<key>B075199D19414F3E005C76AE</key>
		<dict>
			<key>children</key>
			<array>
				<string>B07519A319414F3E005C76AE</string>
				<string>B075199E19414F3E005C76AE</string>
			</array>
			<key>isa</key>
			<string>PBXGroup</string>
			<key>path</key>
			<string>CodePath-Week1Tests</string>
			<key>sourceTree</key>
			<string>&lt;group&gt;</string>
		</dict>
		<key>B075199E19414F3E005C76AE</key>
		<dict>
			<key>children</key>
			<array>
				<string>B075199F19414F3E005C76AE</string>
				<string>B07519A019414F3E005C76AE</string>
			</array>
			<key>isa</key>
			<string>PBXGroup</string>
			<key>name</key>
			<string>Supporting Files</string>
			<key>sourceTree</key>
			<string>&lt;group&gt;</string>
		</dict>
		<key>B075199F19414F3E005C76AE</key>
		<dict>
			<key>isa</key>
			<string>PBXFileReference</string>
			<key>lastKnownFileType</key>
			<string>text.plist.xml</string>
			<key>path</key>
			<string>CodePath-Week1Tests-Info.plist</string>
			<key>sourceTree</key>
			<string>&lt;group&gt;</string>
		</dict>
		<key>B07519A019414F3E005C76AE</key>
		<dict>
			<key>children</key>
			<array>
				<string>B07519A119414F3E005C76AE</string>
			</array>
			<key>isa</key>
			<string>PBXVariantGroup</string>
			<key>name</key>
			<string>InfoPlist.strings</string>
			<key>sourceTree</key>
			<string>&lt;group&gt;</string>
		</dict>
		<key>B07519A119414F3E005C76AE</key>
		<dict>
			<key>isa</key>
			<string>PBXFileReference</string>
			<key>lastKnownFileType</key>
			<string>text.plist.strings</string>
			<key>name</key>
			<string>en</string>
			<key>path</key>
			<string>en.lproj/InfoPlist.strings</string>
			<key>sourceTree</key>
			<string>&lt;group&gt;</string>
		</dict>
		<key>B07519A219414F3E005C76AE</key>
		<dict>
			<key>fileRef</key>
			<string>B07519A019414F3E005C76AE</string>
			<key>isa</key>
			<string>PBXBuildFile</string>
		</dict>
		<key>B07519A319414F3E005C76AE</key>
		<dict>
			<key>isa</key>
			<string>PBXFileReference</string>
			<key>lastKnownFileType</key>
			<string>sourcecode.c.objc</string>
			<key>path</key>
			<string>CodePath_Week1Tests.m</string>
			<key>sourceTree</key>
			<string>&lt;group&gt;</string>
		</dict>
		<key>B07519A419414F3E005C76AE</key>
		<dict>
			<key>fileRef</key>
			<string>B07519A319414F3E005C76AE</string>
			<key>isa</key>
			<string>PBXBuildFile</string>
		</dict>
		<key>B07519A519414F3E005C76AE</key>
		<dict>
			<key>buildSettings</key>
			<dict>
				<key>ALWAYS_SEARCH_USER_PATHS</key>
				<string>NO</string>
				<key>CLANG_CXX_LANGUAGE_STANDARD</key>
				<string>gnu++0x</string>
				<key>CLANG_CXX_LIBRARY</key>
				<string>libc++</string>
				<key>CLANG_ENABLE_MODULES</key>
				<string>YES</string>
				<key>CLANG_ENABLE_OBJC_ARC</key>
				<string>YES</string>
				<key>CLANG_WARN_BOOL_CONVERSION</key>
				<string>YES</string>
				<key>CLANG_WARN_CONSTANT_CONVERSION</key>
				<string>YES</string>
				<key>CLANG_WARN_DIRECT_OBJC_ISA_USAGE</key>
				<string>YES_ERROR</string>
				<key>CLANG_WARN_EMPTY_BODY</key>
				<string>YES</string>
				<key>CLANG_WARN_ENUM_CONVERSION</key>
				<string>YES</string>
				<key>CLANG_WARN_INT_CONVERSION</key>
				<string>YES</string>
				<key>CLANG_WARN_OBJC_ROOT_CLASS</key>
				<string>YES_ERROR</string>
				<key>CLANG_WARN__DUPLICATE_METHOD_MATCH</key>
				<string>YES</string>
				<key>CODE_SIGN_IDENTITY[sdk=iphoneos*]</key>
				<string>iPhone Developer</string>
				<key>COPY_PHASE_STRIP</key>
				<string>NO</string>
				<key>GCC_C_LANGUAGE_STANDARD</key>
				<string>gnu99</string>
				<key>GCC_DYNAMIC_NO_PIC</key>
				<string>NO</string>
				<key>GCC_OPTIMIZATION_LEVEL</key>
				<string>0</string>
				<key>GCC_PREPROCESSOR_DEFINITIONS</key>
				<array>
					<string>DEBUG=1</string>
					<string>$(inherited)</string>
				</array>
				<key>GCC_SYMBOLS_PRIVATE_EXTERN</key>
				<string>NO</string>
				<key>GCC_WARN_64_TO_32_BIT_CONVERSION</key>
				<string>YES</string>
				<key>GCC_WARN_ABOUT_RETURN_TYPE</key>
				<string>YES_ERROR</string>
				<key>GCC_WARN_UNDECLARED_SELECTOR</key>
				<string>YES</string>
				<key>GCC_WARN_UNINITIALIZED_AUTOS</key>
				<string>YES_AGGRESSIVE</string>
				<key>GCC_WARN_UNUSED_FUNCTION</key>
				<string>YES</string>
				<key>GCC_WARN_UNUSED_VARIABLE</key>
				<string>YES</string>
				<key>IPHONEOS_DEPLOYMENT_TARGET</key>
				<string>7.1</string>
				<key>ONLY_ACTIVE_ARCH</key>
				<string>YES</string>
				<key>SDKROOT</key>
				<string>iphoneos</string>
			</dict>
			<key>isa</key>
			<string>XCBuildConfiguration</string>
			<key>name</key>
			<string>Debug</string>
		</dict>
		<key>B07519A619414F3E005C76AE</key>
		<dict>
			<key>buildSettings</key>
			<dict>
				<key>ALWAYS_SEARCH_USER_PATHS</key>
				<string>NO</string>
				<key>CLANG_CXX_LANGUAGE_STANDARD</key>
				<string>gnu++0x</string>
				<key>CLANG_CXX_LIBRARY</key>
				<string>libc++</string>
				<key>CLANG_ENABLE_MODULES</key>
				<string>YES</string>
				<key>CLANG_ENABLE_OBJC_ARC</key>
				<string>YES</string>
				<key>CLANG_WARN_BOOL_CONVERSION</key>
				<string>YES</string>
				<key>CLANG_WARN_CONSTANT_CONVERSION</key>
				<string>YES</string>
				<key>CLANG_WARN_DIRECT_OBJC_ISA_USAGE</key>
				<string>YES_ERROR</string>
				<key>CLANG_WARN_EMPTY_BODY</key>
				<string>YES</string>
				<key>CLANG_WARN_ENUM_CONVERSION</key>
				<string>YES</string>
				<key>CLANG_WARN_INT_CONVERSION</key>
				<string>YES</string>
				<key>CLANG_WARN_OBJC_ROOT_CLASS</key>
				<string>YES_ERROR</string>
				<key>CLANG_WARN__DUPLICATE_METHOD_MATCH</key>
				<string>YES</string>
				<key>CODE_SIGN_IDENTITY[sdk=iphoneos*]</key>
				<string>iPhone Developer</string>
				<key>COPY_PHASE_STRIP</key>
				<string>YES</string>
				<key>ENABLE_NS_ASSERTIONS</key>
				<string>NO</string>
				<key>GCC_C_LANGUAGE_STANDARD</key>
				<string>gnu99</string>
				<key>GCC_WARN_64_TO_32_BIT_CONVERSION</key>
				<string>YES</string>
				<key>GCC_WARN_ABOUT_RETURN_TYPE</key>
				<string>YES_ERROR</string>
				<key>GCC_WARN_UNDECLARED_SELECTOR</key>
				<string>YES</string>
				<key>GCC_WARN_UNINITIALIZED_AUTOS</key>
				<string>YES_AGGRESSIVE</string>
				<key>GCC_WARN_UNUSED_FUNCTION</key>
				<string>YES</string>
				<key>GCC_WARN_UNUSED_VARIABLE</key>
				<string>YES</string>
				<key>IPHONEOS_DEPLOYMENT_TARGET</key>
				<string>7.1</string>
				<key>SDKROOT</key>
				<string>iphoneos</string>
				<key>VALIDATE_PRODUCT</key>
				<string>YES</string>
			</dict>
			<key>isa</key>
			<string>XCBuildConfiguration</string>
			<key>name</key>
			<string>Release</string>
		</dict>
		<key>B07519A719414F3E005C76AE</key>
		<dict>
			<key>buildConfigurations</key>
			<array>
				<string>B07519A819414F3E005C76AE</string>
				<string>B07519A919414F3E005C76AE</string>
			</array>
			<key>defaultConfigurationIsVisible</key>
			<string>0</string>
			<key>defaultConfigurationName</key>
			<string>Release</string>
			<key>isa</key>
			<string>XCConfigurationList</string>
		</dict>
		<key>B07519A819414F3E005C76AE</key>
		<dict>
			<key>baseConfigurationReference</key>
			<string>017F3D27270346F381305588</string>
			<key>buildSettings</key>
			<dict>
				<key>ASSETCATALOG_COMPILER_APPICON_NAME</key>
				<string>AppIcon</string>
				<key>ASSETCATALOG_COMPILER_LAUNCHIMAGE_NAME</key>
				<string>LaunchImage</string>
				<key>CODE_SIGN_IDENTITY</key>
				<string>iPhone Developer</string>
				<key>GCC_PRECOMPILE_PREFIX_HEADER</key>
				<string>YES</string>
				<key>GCC_PREFIX_HEADER</key>
				<string>CodePath-Week1/CodePath-Week1-Prefix.pch</string>
				<key>INFOPLIST_FILE</key>
				<string>CodePath-Week1/CodePath-Week1-Info.plist</string>
				<key>PRODUCT_NAME</key>
				<string>$(TARGET_NAME)</string>
				<key>WRAPPER_EXTENSION</key>
				<string>app</string>
			</dict>
			<key>isa</key>
			<string>XCBuildConfiguration</string>
			<key>name</key>
			<string>Debug</string>
		</dict>
		<key>B07519A919414F3E005C76AE</key>
		<dict>
			<key>baseConfigurationReference</key>
			<string>017F3D27270346F381305588</string>
			<key>buildSettings</key>
			<dict>
				<key>ASSETCATALOG_COMPILER_APPICON_NAME</key>
				<string>AppIcon</string>
				<key>ASSETCATALOG_COMPILER_LAUNCHIMAGE_NAME</key>
				<string>LaunchImage</string>
				<key>CODE_SIGN_IDENTITY</key>
				<string>iPhone Developer</string>
				<key>GCC_PRECOMPILE_PREFIX_HEADER</key>
				<string>YES</string>
				<key>GCC_PREFIX_HEADER</key>
				<string>CodePath-Week1/CodePath-Week1-Prefix.pch</string>
				<key>INFOPLIST_FILE</key>
				<string>CodePath-Week1/CodePath-Week1-Info.plist</string>
				<key>PRODUCT_NAME</key>
				<string>$(TARGET_NAME)</string>
				<key>WRAPPER_EXTENSION</key>
				<string>app</string>
			</dict>
			<key>isa</key>
			<string>XCBuildConfiguration</string>
			<key>name</key>
			<string>Release</string>
		</dict>
		<key>B07519AA19414F3E005C76AE</key>
		<dict>
			<key>buildConfigurations</key>
			<array>
				<string>B07519AB19414F3E005C76AE</string>
				<string>B07519AC19414F3E005C76AE</string>
			</array>
			<key>defaultConfigurationIsVisible</key>
			<string>0</string>
			<key>defaultConfigurationName</key>
			<string>Release</string>
			<key>isa</key>
			<string>XCConfigurationList</string>
		</dict>
		<key>B07519AB19414F3E005C76AE</key>
		<dict>
			<key>buildSettings</key>
			<dict>
				<key>BUNDLE_LOADER</key>
				<string>$(BUILT_PRODUCTS_DIR)/CodePath-Week1.app/CodePath-Week1</string>
				<key>FRAMEWORK_SEARCH_PATHS</key>
				<array>
					<string>$(SDKROOT)/Developer/Library/Frameworks</string>
					<string>$(inherited)</string>
					<string>$(DEVELOPER_FRAMEWORKS_DIR)</string>
				</array>
				<key>GCC_PRECOMPILE_PREFIX_HEADER</key>
				<string>YES</string>
				<key>GCC_PREFIX_HEADER</key>
				<string>CodePath-Week1/CodePath-Week1-Prefix.pch</string>
				<key>GCC_PREPROCESSOR_DEFINITIONS</key>
				<array>
					<string>DEBUG=1</string>
					<string>$(inherited)</string>
				</array>
				<key>INFOPLIST_FILE</key>
				<string>CodePath-Week1Tests/CodePath-Week1Tests-Info.plist</string>
				<key>PRODUCT_NAME</key>
				<string>$(TARGET_NAME)</string>
				<key>TEST_HOST</key>
				<string>$(BUNDLE_LOADER)</string>
				<key>WRAPPER_EXTENSION</key>
				<string>xctest</string>
			</dict>
			<key>isa</key>
			<string>XCBuildConfiguration</string>
			<key>name</key>
			<string>Debug</string>
		</dict>
		<key>B07519AC19414F3E005C76AE</key>
		<dict>
			<key>buildSettings</key>
			<dict>
				<key>BUNDLE_LOADER</key>
				<string>$(BUILT_PRODUCTS_DIR)/CodePath-Week1.app/CodePath-Week1</string>
				<key>FRAMEWORK_SEARCH_PATHS</key>
				<array>
					<string>$(SDKROOT)/Developer/Library/Frameworks</string>
					<string>$(inherited)</string>
					<string>$(DEVELOPER_FRAMEWORKS_DIR)</string>
				</array>
				<key>GCC_PRECOMPILE_PREFIX_HEADER</key>
				<string>YES</string>
				<key>GCC_PREFIX_HEADER</key>
				<string>CodePath-Week1/CodePath-Week1-Prefix.pch</string>
				<key>INFOPLIST_FILE</key>
				<string>CodePath-Week1Tests/CodePath-Week1Tests-Info.plist</string>
				<key>PRODUCT_NAME</key>
				<string>$(TARGET_NAME)</string>
				<key>TEST_HOST</key>
				<string>$(BUNDLE_LOADER)</string>
				<key>WRAPPER_EXTENSION</key>
				<string>xctest</string>
			</dict>
			<key>isa</key>
			<string>XCBuildConfiguration</string>
			<key>name</key>
			<string>Release</string>
		</dict>
		<key>B07519AD194152EC005C76AE</key>
		<dict>
			<key>fileEncoding</key>
			<string>4</string>
			<key>isa</key>
			<string>PBXFileReference</string>
			<key>lastKnownFileType</key>
			<string>sourcecode.c.h</string>
			<key>name</key>
			<string>PostViewController.h</string>
			<key>path</key>
			<string>../PostViewController.h</string>
			<key>sourceTree</key>
			<string>&lt;group&gt;</string>
		</dict>
		<key>B07519AE194152EC005C76AE</key>
		<dict>
			<key>fileEncoding</key>
			<string>4</string>
			<key>isa</key>
			<string>PBXFileReference</string>
			<key>lastKnownFileType</key>
			<string>sourcecode.c.objc</string>
			<key>name</key>
			<string>PostViewController.m</string>
			<key>path</key>
			<string>../PostViewController.m</string>
			<key>sourceTree</key>
			<string>&lt;group&gt;</string>
		</dict>
		<key>B07519AF194152EC005C76AE</key>
		<dict>
			<key>fileEncoding</key>
			<string>4</string>
			<key>isa</key>
			<string>PBXFileReference</string>
			<key>lastKnownFileType</key>
			<string>file.xib</string>
			<key>name</key>
			<string>PostViewController.xib</string>
			<key>path</key>
			<string>../PostViewController.xib</string>
			<key>sourceTree</key>
			<string>&lt;group&gt;</string>
		</dict>
		<key>B07519B0194152EC005C76AE</key>
		<dict>
			<key>fileRef</key>
			<string>B07519AE194152EC005C76AE</string>
			<key>isa</key>
			<string>PBXBuildFile</string>
		</dict>
		<key>B07519B1194152EC005C76AE</key>
		<dict>
			<key>fileRef</key>
			<string>B07519AF194152EC005C76AE</string>
			<key>isa</key>
			<string>PBXBuildFile</string>
		</dict>
		<key>CB9D4F37DAFB461E94AEF791</key>
		<dict>
			<key>buildActionMask</key>
			<string>2147483647</string>
			<key>files</key>
			<array/>
			<key>inputPaths</key>
			<array/>
			<key>isa</key>
			<string>PBXShellScriptBuildPhase</string>
			<key>name</key>
			<string>Check Pods Manifest.lock</string>
			<key>outputPaths</key>
			<array/>
			<key>runOnlyForDeploymentPostprocessing</key>
			<string>0</string>
			<key>shellPath</key>
			<string>/bin/sh</string>
			<key>shellScript</key>
			<string>diff "${PODS_ROOT}/../Podfile.lock" "${PODS_ROOT}/Manifest.lock" &gt; /dev/null
if [[ $? != 0 ]] ; then
    cat &lt;&lt; EOM
error: The sandbox is not in sync with the Podfile.lock. Run 'pod install' or update your CocoaPods installation.
EOM
    exit 1
fi
</string>
			<key>showEnvVarsInLog</key>
			<string>0</string>
		</dict>
	</dict>
	<key>rootObject</key>
	<string>B075197319414F3E005C76AE</string>
</dict>
</plist>
