// !$*UTF8*$!
{
	archiveVersion = 1;
	classes = {
	};
	objectVersion = 46;
	objects = {

/* Begin PBXBuildFile section */
		B0CF6B0B19414AE20023F037 /* Foundation.framework in Frameworks */ = {isa = PBXBuildFile; fileRef = B0CF6B0A19414AE20023F037 /* Foundation.framework */; };
		B0CF6B0D19414AE20023F037 /* CoreGraphics.framework in Frameworks */ = {isa = PBXBuildFile; fileRef = B0CF6B0C19414AE20023F037 /* CoreGraphics.framework */; };
		B0CF6B0F19414AE20023F037 /* UIKit.framework in Frameworks */ = {isa = PBXBuildFile; fileRef = B0CF6B0E19414AE20023F037 /* UIKit.framework */; };
		B0CF6B1519414AE20023F037 /* InfoPlist.strings in Resources */ = {isa = PBXBuildFile; fileRef = B0CF6B1319414AE20023F037 /* InfoPlist.strings */; };
		B0CF6B1719414AE20023F037 /* main.m in Sources */ = {isa = PBXBuildFile; fileRef = B0CF6B1619414AE20023F037 /* main.m */; };
		B0CF6B1B19414AE20023F037 /* AppDelegate.m in Sources */ = {isa = PBXBuildFile; fileRef = B0CF6B1A19414AE20023F037 /* AppDelegate.m */; };
		B0CF6B1D19414AE20023F037 /* Images.xcassets in Resources */ = {isa = PBXBuildFile; fileRef = B0CF6B1C19414AE20023F037 /* Images.xcassets */; };
		B0CF6B2419414AE20023F037 /* XCTest.framework in Frameworks */ = {isa = PBXBuildFile; fileRef = B0CF6B2319414AE20023F037 /* XCTest.framework */; };
		B0CF6B2519414AE20023F037 /* Foundation.framework in Frameworks */ = {isa = PBXBuildFile; fileRef = B0CF6B0A19414AE20023F037 /* Foundation.framework */; };
		B0CF6B2619414AE20023F037 /* UIKit.framework in Frameworks */ = {isa = PBXBuildFile; fileRef = B0CF6B0E19414AE20023F037 /* UIKit.framework */; };
		B0CF6B2E19414AE20023F037 /* InfoPlist.strings in Resources */ = {isa = PBXBuildFile; fileRef = B0CF6B2C19414AE20023F037 /* InfoPlist.strings */; };
		B0CF6B3019414AE20023F037 /* CodePath_Week1Tests.m in Sources */ = {isa = PBXBuildFile; fileRef = B0CF6B2F19414AE20023F037 /* CodePath_Week1Tests.m */; };
/* End PBXBuildFile section */

/* Begin PBXContainerItemProxy section */
		B0CF6B2719414AE20023F037 /* PBXContainerItemProxy */ = {
			isa = PBXContainerItemProxy;
			containerPortal = B0CF6AFF19414AE20023F037 /* Project object */;
			proxyType = 1;
			remoteGlobalIDString = B0CF6B0619414AE20023F037;
			remoteInfo = CodePath_Week1;
		};
/* End PBXContainerItemProxy section */

/* Begin PBXFileReference section */
		B0CF6B0719414AE20023F037 /* CodePath_Week1.app */ = {isa = PBXFileReference; explicitFileType = wrapper.application; includeInIndex = 0; path = CodePath_Week1.app; sourceTree = BUILT_PRODUCTS_DIR; };
		B0CF6B0A19414AE20023F037 /* Foundation.framework */ = {isa = PBXFileReference; lastKnownFileType = wrapper.framework; name = Foundation.framework; path = System/Library/Frameworks/Foundation.framework; sourceTree = SDKROOT; };
		B0CF6B0C19414AE20023F037 /* CoreGraphics.framework */ = {isa = PBXFileReference; lastKnownFileType = wrapper.framework; name = CoreGraphics.framework; path = System/Library/Frameworks/CoreGraphics.framework; sourceTree = SDKROOT; };
		B0CF6B0E19414AE20023F037 /* UIKit.framework */ = {isa = PBXFileReference; lastKnownFileType = wrapper.framework; name = UIKit.framework; path = System/Library/Frameworks/UIKit.framework; sourceTree = SDKROOT; };
		B0CF6B1219414AE20023F037 /* CodePath_Week1-Info.plist */ = {isa = PBXFileReference; lastKnownFileType = text.plist.xml; path = "CodePath_Week1-Info.plist"; sourceTree = "<group>"; };
		B0CF6B1419414AE20023F037 /* en */ = {isa = PBXFileReference; lastKnownFileType = text.plist.strings; name = en; path = en.lproj/InfoPlist.strings; sourceTree = "<group>"; };
		B0CF6B1619414AE20023F037 /* main.m */ = {isa = PBXFileReference; lastKnownFileType = sourcecode.c.objc; path = main.m; sourceTree = "<group>"; };
		B0CF6B1819414AE20023F037 /* CodePath_Week1-Prefix.pch */ = {isa = PBXFileReference; lastKnownFileType = sourcecode.c.h; path = "CodePath_Week1-Prefix.pch"; sourceTree = "<group>"; };
		B0CF6B1919414AE20023F037 /* AppDelegate.h */ = {isa = PBXFileReference; lastKnownFileType = sourcecode.c.h; path = AppDelegate.h; sourceTree = "<group>"; };
		B0CF6B1A19414AE20023F037 /* AppDelegate.m */ = {isa = PBXFileReference; lastKnownFileType = sourcecode.c.objc; path = AppDelegate.m; sourceTree = "<group>"; };
		B0CF6B1C19414AE20023F037 /* Images.xcassets */ = {isa = PBXFileReference; lastKnownFileType = folder.assetcatalog; path = Images.xcassets; sourceTree = "<group>"; };
		B0CF6B2219414AE20023F037 /* CodePath_Week1Tests.xctest */ = {isa = PBXFileReference; explicitFileType = wrapper.cfbundle; includeInIndex = 0; path = CodePath_Week1Tests.xctest; sourceTree = BUILT_PRODUCTS_DIR; };
		B0CF6B2319414AE20023F037 /* XCTest.framework */ = {isa = PBXFileReference; lastKnownFileType = wrapper.framework; name = XCTest.framework; path = Library/Frameworks/XCTest.framework; sourceTree = DEVELOPER_DIR; };
		B0CF6B2B19414AE20023F037 /* CodePath_Week1Tests-Info.plist */ = {isa = PBXFileReference; lastKnownFileType = text.plist.xml; path = "CodePath_Week1Tests-Info.plist"; sourceTree = "<group>"; };
		B0CF6B2D19414AE20023F037 /* en */ = {isa = PBXFileReference; lastKnownFileType = text.plist.strings; name = en; path = en.lproj/InfoPlist.strings; sourceTree = "<group>"; };
		B0CF6B2F19414AE20023F037 /* CodePath_Week1Tests.m */ = {isa = PBXFileReference; lastKnownFileType = sourcecode.c.objc; path = CodePath_Week1Tests.m; sourceTree = "<group>"; };
/* End PBXFileReference section */

/* Begin PBXFrameworksBuildPhase section */
		B0CF6B0419414AE20023F037 /* Frameworks */ = {
			isa = PBXFrameworksBuildPhase;
			buildActionMask = 2147483647;
			files = (
				B0CF6B0D19414AE20023F037 /* CoreGraphics.framework in Frameworks */,
				B0CF6B0F19414AE20023F037 /* UIKit.framework in Frameworks */,
				B0CF6B0B19414AE20023F037 /* Foundation.framework in Frameworks */,
			);
			runOnlyForDeploymentPostprocessing = 0;
		};
		B0CF6B1F19414AE20023F037 /* Frameworks */ = {
			isa = PBXFrameworksBuildPhase;
			buildActionMask = 2147483647;
			files = (
				B0CF6B2419414AE20023F037 /* XCTest.framework in Frameworks */,
				B0CF6B2619414AE20023F037 /* UIKit.framework in Frameworks */,
				B0CF6B2519414AE20023F037 /* Foundation.framework in Frameworks */,
			);
			runOnlyForDeploymentPostprocessing = 0;
		};
/* End PBXFrameworksBuildPhase section */

/* Begin PBXGroup section */
		B0CF6AFE19414AE20023F037 = {
			isa = PBXGroup;
			children = (
				B0CF6B1019414AE20023F037 /* CodePath_Week1 */,
				B0CF6B2919414AE20023F037 /* CodePath_Week1Tests */,
				B0CF6B0919414AE20023F037 /* Frameworks */,
				B0CF6B0819414AE20023F037 /* Products */,
			);
			sourceTree = "<group>";
		};
		B0CF6B0819414AE20023F037 /* Products */ = {
			isa = PBXGroup;
			children = (
				B0CF6B0719414AE20023F037 /* CodePath_Week1.app */,
				B0CF6B2219414AE20023F037 /* CodePath_Week1Tests.xctest */,
			);
			name = Products;
			sourceTree = "<group>";
		};
		B0CF6B0919414AE20023F037 /* Frameworks */ = {
			isa = PBXGroup;
			children = (
				B0CF6B0A19414AE20023F037 /* Foundation.framework */,
				B0CF6B0C19414AE20023F037 /* CoreGraphics.framework */,
				B0CF6B0E19414AE20023F037 /* UIKit.framework */,
				B0CF6B2319414AE20023F037 /* XCTest.framework */,
			);
			name = Frameworks;
			sourceTree = "<group>";
		};
		B0CF6B1019414AE20023F037 /* CodePath_Week1 */ = {
			isa = PBXGroup;
			children = (
				B0CF6B1919414AE20023F037 /* AppDelegate.h */,
				B0CF6B1A19414AE20023F037 /* AppDelegate.m */,
				B0CF6B1C19414AE20023F037 /* Images.xcassets */,
				B0CF6B1119414AE20023F037 /* Supporting Files */,
			);
			path = CodePath_Week1;
			sourceTree = "<group>";
		};
		B0CF6B1119414AE20023F037 /* Supporting Files */ = {
			isa = PBXGroup;
			children = (
				B0CF6B1219414AE20023F037 /* CodePath_Week1-Info.plist */,
				B0CF6B1319414AE20023F037 /* InfoPlist.strings */,
				B0CF6B1619414AE20023F037 /* main.m */,
				B0CF6B1819414AE20023F037 /* CodePath_Week1-Prefix.pch */,
			);
			name = "Supporting Files";
			sourceTree = "<group>";
		};
		B0CF6B2919414AE20023F037 /* CodePath_Week1Tests */ = {
			isa = PBXGroup;
			children = (
				B0CF6B2F19414AE20023F037 /* CodePath_Week1Tests.m */,
				B0CF6B2A19414AE20023F037 /* Supporting Files */,
			);
			path = CodePath_Week1Tests;
			sourceTree = "<group>";
		};
		B0CF6B2A19414AE20023F037 /* Supporting Files */ = {
			isa = PBXGroup;
			children = (
				B0CF6B2B19414AE20023F037 /* CodePath_Week1Tests-Info.plist */,
				B0CF6B2C19414AE20023F037 /* InfoPlist.strings */,
			);
			name = "Supporting Files";
			sourceTree = "<group>";
		};
/* End PBXGroup section */

/* Begin PBXNativeTarget section */
		B0CF6B0619414AE20023F037 /* CodePath_Week1 */ = {
			isa = PBXNativeTarget;
			buildConfigurationList = B0CF6B3319414AE20023F037 /* Build configuration list for PBXNativeTarget "CodePath_Week1" */;
			buildPhases = (
				B0CF6B0319414AE20023F037 /* Sources */,
				B0CF6B0419414AE20023F037 /* Frameworks */,
				B0CF6B0519414AE20023F037 /* Resources */,
			);
			buildRules = (
			);
			dependencies = (
			);
			name = CodePath_Week1;
			productName = CodePath_Week1;
			productReference = B0CF6B0719414AE20023F037 /* CodePath_Week1.app */;
			productType = "com.apple.product-type.application";
		};
		B0CF6B2119414AE20023F037 /* CodePath_Week1Tests */ = {
			isa = PBXNativeTarget;
			buildConfigurationList = B0CF6B3619414AE20023F037 /* Build configuration list for PBXNativeTarget "CodePath_Week1Tests" */;
			buildPhases = (
				B0CF6B1E19414AE20023F037 /* Sources */,
				B0CF6B1F19414AE20023F037 /* Frameworks */,
				B0CF6B2019414AE20023F037 /* Resources */,
			);
			buildRules = (
			);
			dependencies = (
				B0CF6B2819414AE20023F037 /* PBXTargetDependency */,
			);
			name = CodePath_Week1Tests;
			productName = CodePath_Week1Tests;
			productReference = B0CF6B2219414AE20023F037 /* CodePath_Week1Tests.xctest */;
			productType = "com.apple.product-type.bundle.unit-test";
		};
/* End PBXNativeTarget section */

/* Begin PBXProject section */
		B0CF6AFF19414AE20023F037 /* Project object */ = {
			isa = PBXProject;
			attributes = {
				LastUpgradeCheck = 0510;
				ORGANIZATIONNAME = "Joey Hiller";
				TargetAttributes = {
					B0CF6B2119414AE20023F037 = {
						TestTargetID = B0CF6B0619414AE20023F037;
					};
				};
			};
			buildConfigurationList = B0CF6B0219414AE20023F037 /* Build configuration list for PBXProject "CodePath_Week1" */;
			compatibilityVersion = "Xcode 3.2";
			developmentRegion = English;
			hasScannedForEncodings = 0;
			knownRegions = (
				en,
			);
			mainGroup = B0CF6AFE19414AE20023F037;
			productRefGroup = B0CF6B0819414AE20023F037 /* Products */;
			projectDirPath = "";
			projectRoot = "";
			targets = (
				B0CF6B0619414AE20023F037 /* CodePath_Week1 */,
				B0CF6B2119414AE20023F037 /* CodePath_Week1Tests */,
			);
		};
/* End PBXProject section */

/* Begin PBXResourcesBuildPhase section */
		B0CF6B0519414AE20023F037 /* Resources */ = {
			isa = PBXResourcesBuildPhase;
			buildActionMask = 2147483647;
			files = (
				B0CF6B1519414AE20023F037 /* InfoPlist.strings in Resources */,
				B0CF6B1D19414AE20023F037 /* Images.xcassets in Resources */,
			);
			runOnlyForDeploymentPostprocessing = 0;
		};
		B0CF6B2019414AE20023F037 /* Resources */ = {
			isa = PBXResourcesBuildPhase;
			buildActionMask = 2147483647;
			files = (
				B0CF6B2E19414AE20023F037 /* InfoPlist.strings in Resources */,
			);
			runOnlyForDeploymentPostprocessing = 0;
		};
/* End PBXResourcesBuildPhase section */

/* Begin PBXSourcesBuildPhase section */
		B0CF6B0319414AE20023F037 /* Sources */ = {
			isa = PBXSourcesBuildPhase;
			buildActionMask = 2147483647;
			files = (
				B0CF6B1B19414AE20023F037 /* AppDelegate.m in Sources */,
				B0CF6B1719414AE20023F037 /* main.m in Sources */,
			);
			runOnlyForDeploymentPostprocessing = 0;
		};
		B0CF6B1E19414AE20023F037 /* Sources */ = {
			isa = PBXSourcesBuildPhase;
			buildActionMask = 2147483647;
			files = (
				B0CF6B3019414AE20023F037 /* CodePath_Week1Tests.m in Sources */,
			);
			runOnlyForDeploymentPostprocessing = 0;
		};
/* End PBXSourcesBuildPhase section */

/* Begin PBXTargetDependency section */
		B0CF6B2819414AE20023F037 /* PBXTargetDependency */ = {
			isa = PBXTargetDependency;
			target = B0CF6B0619414AE20023F037 /* CodePath_Week1 */;
			targetProxy = B0CF6B2719414AE20023F037 /* PBXContainerItemProxy */;
		};
/* End PBXTargetDependency section */

/* Begin PBXVariantGroup section */
		B0CF6B1319414AE20023F037 /* InfoPlist.strings */ = {
			isa = PBXVariantGroup;
			children = (
				B0CF6B1419414AE20023F037 /* en */,
			);
			name = InfoPlist.strings;
			sourceTree = "<group>";
		};
		B0CF6B2C19414AE20023F037 /* InfoPlist.strings */ = {
			isa = PBXVariantGroup;
			children = (
				B0CF6B2D19414AE20023F037 /* en */,
			);
			name = InfoPlist.strings;
			sourceTree = "<group>";
		};
/* End PBXVariantGroup section */

/* Begin XCBuildConfiguration section */
		B0CF6B3119414AE20023F037 /* Debug */ = {
			isa = XCBuildConfiguration;
			buildSettings = {
				ALWAYS_SEARCH_USER_PATHS = NO;
				CLANG_CXX_LANGUAGE_STANDARD = "gnu++0x";
				CLANG_CXX_LIBRARY = "libc++";
				CLANG_ENABLE_MODULES = YES;
				CLANG_ENABLE_OBJC_ARC = YES;
				CLANG_WARN_BOOL_CONVERSION = YES;
				CLANG_WARN_CONSTANT_CONVERSION = YES;
				CLANG_WARN_DIRECT_OBJC_ISA_USAGE = YES_ERROR;
				CLANG_WARN_EMPTY_BODY = YES;
				CLANG_WARN_ENUM_CONVERSION = YES;
				CLANG_WARN_INT_CONVERSION = YES;
				CLANG_WARN_OBJC_ROOT_CLASS = YES_ERROR;
				CLANG_WARN__DUPLICATE_METHOD_MATCH = YES;
				"CODE_SIGN_IDENTITY[sdk=iphoneos*]" = "iPhone Developer";
				COPY_PHASE_STRIP = NO;
				GCC_C_LANGUAGE_STANDARD = gnu99;
				GCC_DYNAMIC_NO_PIC = NO;
				GCC_OPTIMIZATION_LEVEL = 0;
				GCC_PREPROCESSOR_DEFINITIONS = (
					"DEBUG=1",
					"$(inherited)",
				);
				GCC_SYMBOLS_PRIVATE_EXTERN = NO;
				GCC_WARN_64_TO_32_BIT_CONVERSION = YES;
				GCC_WARN_ABOUT_RETURN_TYPE = YES_ERROR;
				GCC_WARN_UNDECLARED_SELECTOR = YES;
				GCC_WARN_UNINITIALIZED_AUTOS = YES_AGGRESSIVE;
				GCC_WARN_UNUSED_FUNCTION = YES;
				GCC_WARN_UNUSED_VARIABLE = YES;
				IPHONEOS_DEPLOYMENT_TARGET = 7.1;
				ONLY_ACTIVE_ARCH = YES;
				SDKROOT = iphoneos;
			};
			name = Debug;
		};
		B0CF6B3219414AE20023F037 /* Release */ = {
			isa = XCBuildConfiguration;
			buildSettings = {
				ALWAYS_SEARCH_USER_PATHS = NO;
				CLANG_CXX_LANGUAGE_STANDARD = "gnu++0x";
				CLANG_CXX_LIBRARY = "libc++";
				CLANG_ENABLE_MODULES = YES;
				CLANG_ENABLE_OBJC_ARC = YES;
				CLANG_WARN_BOOL_CONVERSION = YES;
				CLANG_WARN_CONSTANT_CONVERSION = YES;
				CLANG_WARN_DIRECT_OBJC_ISA_USAGE = YES_ERROR;
				CLANG_WARN_EMPTY_BODY = YES;
				CLANG_WARN_ENUM_CONVERSION = YES;
				CLANG_WARN_INT_CONVERSION = YES;
				CLANG_WARN_OBJC_ROOT_CLASS = YES_ERROR;
				CLANG_WARN__DUPLICATE_METHOD_MATCH = YES;
				"CODE_SIGN_IDENTITY[sdk=iphoneos*]" = "iPhone Developer";
				COPY_PHASE_STRIP = YES;
				ENABLE_NS_ASSERTIONS = NO;
				GCC_C_LANGUAGE_STANDARD = gnu99;
				GCC_WARN_64_TO_32_BIT_CONVERSION = YES;
				GCC_WARN_ABOUT_RETURN_TYPE = YES_ERROR;
				GCC_WARN_UNDECLARED_SELECTOR = YES;
				GCC_WARN_UNINITIALIZED_AUTOS = YES_AGGRESSIVE;
				GCC_WARN_UNUSED_FUNCTION = YES;
				GCC_WARN_UNUSED_VARIABLE = YES;
				IPHONEOS_DEPLOYMENT_TARGET = 7.1;
				SDKROOT = iphoneos;
				VALIDATE_PRODUCT = YES;
			};
			name = Release;
		};
		B0CF6B3419414AE20023F037 /* Debug */ = {
			isa = XCBuildConfiguration;
			buildSettings = {
				ASSETCATALOG_COMPILER_APPICON_NAME = AppIcon;
				ASSETCATALOG_COMPILER_LAUNCHIMAGE_NAME = LaunchImage;
				GCC_PRECOMPILE_PREFIX_HEADER = YES;
				GCC_PREFIX_HEADER = "CodePath_Week1/CodePath_Week1-Prefix.pch";
				INFOPLIST_FILE = "CodePath_Week1/CodePath_Week1-Info.plist";
				PRODUCT_NAME = "$(TARGET_NAME)";
				WRAPPER_EXTENSION = app;
			};
			name = Debug;
		};
		B0CF6B3519414AE20023F037 /* Release */ = {
			isa = XCBuildConfiguration;
			buildSettings = {
				ASSETCATALOG_COMPILER_APPICON_NAME = AppIcon;
				ASSETCATALOG_COMPILER_LAUNCHIMAGE_NAME = LaunchImage;
				GCC_PRECOMPILE_PREFIX_HEADER = YES;
				GCC_PREFIX_HEADER = "CodePath_Week1/CodePath_Week1-Prefix.pch";
				INFOPLIST_FILE = "CodePath_Week1/CodePath_Week1-Info.plist";
				PRODUCT_NAME = "$(TARGET_NAME)";
				WRAPPER_EXTENSION = app;
			};
			name = Release;
		};
		B0CF6B3719414AE20023F037 /* Debug */ = {
			isa = XCBuildConfiguration;
			buildSettings = {
				BUNDLE_LOADER = "$(BUILT_PRODUCTS_DIR)/CodePath_Week1.app/CodePath_Week1";
				FRAMEWORK_SEARCH_PATHS = (
					"$(SDKROOT)/Developer/Library/Frameworks",
					"$(inherited)",
					"$(DEVELOPER_FRAMEWORKS_DIR)",
				);
				GCC_PRECOMPILE_PREFIX_HEADER = YES;
				GCC_PREFIX_HEADER = "CodePath_Week1/CodePath_Week1-Prefix.pch";
				GCC_PREPROCESSOR_DEFINITIONS = (
					"DEBUG=1",
					"$(inherited)",
				);
				INFOPLIST_FILE = "CodePath_Week1Tests/CodePath_Week1Tests-Info.plist";
				PRODUCT_NAME = "$(TARGET_NAME)";
				TEST_HOST = "$(BUNDLE_LOADER)";
				WRAPPER_EXTENSION = xctest;
			};
			name = Debug;
		};
		B0CF6B3819414AE20023F037 /* Release */ = {
			isa = XCBuildConfiguration;
			buildSettings = {
				BUNDLE_LOADER = "$(BUILT_PRODUCTS_DIR)/CodePath_Week1.app/CodePath_Week1";
				FRAMEWORK_SEARCH_PATHS = (
					"$(SDKROOT)/Developer/Library/Frameworks",
					"$(inherited)",
					"$(DEVELOPER_FRAMEWORKS_DIR)",
				);
				GCC_PRECOMPILE_PREFIX_HEADER = YES;
				GCC_PREFIX_HEADER = "CodePath_Week1/CodePath_Week1-Prefix.pch";
				INFOPLIST_FILE = "CodePath_Week1Tests/CodePath_Week1Tests-Info.plist";
				PRODUCT_NAME = "$(TARGET_NAME)";
				TEST_HOST = "$(BUNDLE_LOADER)";
				WRAPPER_EXTENSION = xctest;
			};
			name = Release;
		};
/* End XCBuildConfiguration section */

/* Begin XCConfigurationList section */
		B0CF6B0219414AE20023F037 /* Build configuration list for PBXProject "CodePath_Week1" */ = {
			isa = XCConfigurationList;
			buildConfigurations = (
				B0CF6B3119414AE20023F037 /* Debug */,
				B0CF6B3219414AE20023F037 /* Release */,
			);
			defaultConfigurationIsVisible = 0;
			defaultConfigurationName = Release;
		};
		B0CF6B3319414AE20023F037 /* Build configuration list for PBXNativeTarget "CodePath_Week1" */ = {
			isa = XCConfigurationList;
			buildConfigurations = (
				B0CF6B3419414AE20023F037 /* Debug */,
				B0CF6B3519414AE20023F037 /* Release */,
			);
			defaultConfigurationIsVisible = 0;
		};
		B0CF6B3619414AE20023F037 /* Build configuration list for PBXNativeTarget "CodePath_Week1Tests" */ = {
			isa = XCConfigurationList;
			buildConfigurations = (
				B0CF6B3719414AE20023F037 /* Debug */,
				B0CF6B3819414AE20023F037 /* Release */,
			);
			defaultConfigurationIsVisible = 0;
		};
/* End XCConfigurationList section */
	};
	rootObject = B0CF6AFF19414AE20023F037 /* Project object */;
}
